
Microsoft Visual Studio Solution File, Format Version 12.00
# Visual Studio 2013
VisualStudioVersion = 12.0.31101.0
MinimumVisualStudioVersion = 10.0.40219.1
Project("{FAE04EC0-301F-11D3-BF4B-00C04F79EFBC}") = "WaitForIt", "WaitForIt\WaitForIt.csproj", "{12379DAF-3A59-4F3C-AE10-DC14E95BDF56}"
EndProject
Project("{FAE04EC0-301F-11D3-BF4B-00C04F79EFBC}") = "TestWaitForIt", "TestWaitForIt\TestWaitForIt.csproj", "{DCE63642-C279-4561-AE02-A64E54D567FA}"
EndProject
Global
	GlobalSection(SolutionConfigurationPlatforms) = preSolution
		Debug|Any CPU = Debug|Any CPU
		Release|Any CPU = Release|Any CPU
	EndGlobalSection
	GlobalSection(ProjectConfigurationPlatforms) = postSolution
		{12379DAF-3A59-4F3C-AE10-DC14E95BDF56}.Debug|Any CPU.ActiveCfg = Debug|Any CPU
		{12379DAF-3A59-4F3C-AE10-DC14E95BDF56}.Debug|Any CPU.Build.0 = Debug|Any CPU
		{12379DAF-3A59-4F3C-AE10-DC14E95BDF56}.Release|Any CPU.ActiveCfg = Release|Any CPU
		{12379DAF-3A59-4F3C-AE10-DC14E95BDF56}.Release|Any CPU.Build.0 = Release|Any CPU
		{DCE63642-C279-4561-AE02-A64E54D567FA}.Debug|Any CPU.ActiveCfg = Debug|Any CPU
		{DCE63642-C279-4561-AE02-A64E54D567FA}.Debug|Any CPU.Build.0 = Debug|Any CPU
		{DCE63642-C279-4561-AE02-A64E54D567FA}.Release|Any CPU.ActiveCfg = Release|Any CPU
		{DCE63642-C279-4561-AE02-A64E54D567FA}.Release|Any CPU.Build.0 = Release|Any CPU
	EndGlobalSection
	GlobalSection(SolutionProperties) = preSolution
		HideSolutionNode = FALSE
	EndGlobalSection
EndGlobal
